[{<<"amqp_client">>,
  {raw,"https://github.com/jbrisbin/amqp_client.git",
       {mod_ref,git,{ref,"d50aec00b94f0766a048b4eceaf25ddfdeeb1d86"},[]}},
  0},
 {<<"herd">>,
  {git,"https://github.com/wgnet/herd",
       {ref,"7ef6954e13e854f32b02a2b97362458ed5208f8d"}},
  0},
 {<<"rabbit_common">>,
  {git,"https://github.com/jbrisbin/rabbit_common.git",
       {ref,"80814606ae23cc820c74e443383e192cd69ec030"}},
  1}].
